
Microsoft Visual Studio Solution File, Format Version 12.00
# Visual Studio 14
VisualStudioVersion = 14.0.25420.1
MinimumVisualStudioVersion = 10.0.40219.1
Project("{2150E333-8FDC-42A3-9474-1A3956D46DE8}") = "Engine", "Engine", "{CB06AFD9-016C-48AD-9EFF-F20768BF2C82}"
EndProject
Project("{2150E333-8FDC-42A3-9474-1A3956D46DE8}") = "Games", "Games", "{DF4D6F2D-0263-445E-9922-AF34619D330C}"
EndProject
Project("{8BC9CEB8-8B4A-11D0-8D11-00A0C91BC942}") = "UE4", "Intermediate\ProjectFiles\UE4.vcxproj", "{F2FA73FF-A987-4289-B0C0-4B8914A9C9D1}"
EndProject
Project("{8BC9CEB8-8B4A-11D0-8D11-00A0C91BC942}") = "City", "Intermediate\ProjectFiles\City.vcxproj", "{CB17EEFE-414A-4BA1-B3C0-8181FCCB98CA}"
EndProject
Global
	GlobalSection(SolutionConfigurationPlatforms) = preSolution
		DebugGame Editor|HTML5 = DebugGame Editor|HTML5
		DebugGame Editor|Win32 = DebugGame Editor|Win32
		DebugGame Editor|Win64 = DebugGame Editor|Win64
		DebugGame|HTML5 = DebugGame|HTML5
		DebugGame|Win32 = DebugGame|Win32
		DebugGame|Win64 = DebugGame|Win64
		Development Editor|HTML5 = Development Editor|HTML5
		Development Editor|Win32 = Development Editor|Win32
		Development Editor|Win64 = Development Editor|Win64
		Development|HTML5 = Development|HTML5
		Development|Win32 = Development|Win32
		Development|Win64 = Development|Win64
		Shipping|HTML5 = Shipping|HTML5
		Shipping|Win32 = Shipping|Win32
		Shipping|Win64 = Shipping|Win64
	EndGlobalSection
	GlobalSection(ProjectConfigurationPlatforms) = postSolution
		{F2FA73FF-A987-4289-B0C0-4B8914A9C9D1}.DebugGame Editor|HTML5.ActiveCfg = BuiltWithUnrealBuildTool|Win32
		{F2FA73FF-A987-4289-B0C0-4B8914A9C9D1}.DebugGame Editor|HTML5.Build.0 = BuiltWithUnrealBuildTool|Win32
		{F2FA73FF-A987-4289-B0C0-4B8914A9C9D1}.DebugGame Editor|Win32.ActiveCfg = BuiltWithUnrealBuildTool|Win32
		{F2FA73FF-A987-4289-B0C0-4B8914A9C9D1}.DebugGame Editor|Win32.Build.0 = BuiltWithUnrealBuildTool|Win32
		{F2FA73FF-A987-4289-B0C0-4B8914A9C9D1}.DebugGame Editor|Win64.ActiveCfg = BuiltWithUnrealBuildTool|Win32
		{F2FA73FF-A987-4289-B0C0-4B8914A9C9D1}.DebugGame Editor|Win64.Build.0 = BuiltWithUnrealBuildTool|Win32
		{F2FA73FF-A987-4289-B0C0-4B8914A9C9D1}.DebugGame|HTML5.ActiveCfg = BuiltWithUnrealBuildTool|Win32
		{F2FA73FF-A987-4289-B0C0-4B8914A9C9D1}.DebugGame|HTML5.Build.0 = BuiltWithUnrealBuildTool|Win32
		{F2FA73FF-A987-4289-B0C0-4B8914A9C9D1}.DebugGame|Win32.ActiveCfg = BuiltWithUnrealBuildTool|Win32
		{F2FA73FF-A987-4289-B0C0-4B8914A9C9D1}.DebugGame|Win32.Build.0 = BuiltWithUnrealBuildTool|Win32
		{F2FA73FF-A987-4289-B0C0-4B8914A9C9D1}.DebugGame|Win64.ActiveCfg = BuiltWithUnrealBuildTool|Win32
		{F2FA73FF-A987-4289-B0C0-4B8914A9C9D1}.DebugGame|Win64.Build.0 = BuiltWithUnrealBuildTool|Win32
		{F2FA73FF-A987-4289-B0C0-4B8914A9C9D1}.Development Editor|HTML5.ActiveCfg = BuiltWithUnrealBuildTool|Win32
		{F2FA73FF-A987-4289-B0C0-4B8914A9C9D1}.Development Editor|HTML5.Build.0 = BuiltWithUnrealBuildTool|Win32
		{F2FA73FF-A987-4289-B0C0-4B8914A9C9D1}.Development Editor|Win32.ActiveCfg = BuiltWithUnrealBuildTool|Win32
		{F2FA73FF-A987-4289-B0C0-4B8914A9C9D1}.Development Editor|Win32.Build.0 = BuiltWithUnrealBuildTool|Win32
		{F2FA73FF-A987-4289-B0C0-4B8914A9C9D1}.Development Editor|Win64.ActiveCfg = BuiltWithUnrealBuildTool|Win32
		{F2FA73FF-A987-4289-B0C0-4B8914A9C9D1}.Development Editor|Win64.Build.0 = BuiltWithUnrealBuildTool|Win32
		{F2FA73FF-A987-4289-B0C0-4B8914A9C9D1}.Development|HTML5.ActiveCfg = BuiltWithUnrealBuildTool|Win32
		{F2FA73FF-A987-4289-B0C0-4B8914A9C9D1}.Development|HTML5.Build.0 = BuiltWithUnrealBuildTool|Win32
		{F2FA73FF-A987-4289-B0C0-4B8914A9C9D1}.Development|Win32.ActiveCfg = BuiltWithUnrealBuildTool|Win32
		{F2FA73FF-A987-4289-B0C0-4B8914A9C9D1}.Development|Win32.Build.0 = BuiltWithUnrealBuildTool|Win32
		{F2FA73FF-A987-4289-B0C0-4B8914A9C9D1}.Development|Win64.ActiveCfg = BuiltWithUnrealBuildTool|Win32
		{F2FA73FF-A987-4289-B0C0-4B8914A9C9D1}.Development|Win64.Build.0 = BuiltWithUnrealBuildTool|Win32
		{F2FA73FF-A987-4289-B0C0-4B8914A9C9D1}.Shipping|HTML5.ActiveCfg = BuiltWithUnrealBuildTool|Win32
		{F2FA73FF-A987-4289-B0C0-4B8914A9C9D1}.Shipping|HTML5.Build.0 = BuiltWithUnrealBuildTool|Win32
		{F2FA73FF-A987-4289-B0C0-4B8914A9C9D1}.Shipping|Win32.ActiveCfg = BuiltWithUnrealBuildTool|Win32
		{F2FA73FF-A987-4289-B0C0-4B8914A9C9D1}.Shipping|Win32.Build.0 = BuiltWithUnrealBuildTool|Win32
		{F2FA73FF-A987-4289-B0C0-4B8914A9C9D1}.Shipping|Win64.ActiveCfg = BuiltWithUnrealBuildTool|Win32
		{F2FA73FF-A987-4289-B0C0-4B8914A9C9D1}.Shipping|Win64.Build.0 = BuiltWithUnrealBuildTool|Win32
		{CB17EEFE-414A-4BA1-B3C0-8181FCCB98CA}.DebugGame Editor|HTML5.ActiveCfg = HTML5_DebugGame_Editor|Win32
		{CB17EEFE-414A-4BA1-B3C0-8181FCCB98CA}.DebugGame Editor|Win32.ActiveCfg = DebugGame_Editor|Win32
		{CB17EEFE-414A-4BA1-B3C0-8181FCCB98CA}.DebugGame Editor|Win64.ActiveCfg = DebugGame_Editor|x64
		{CB17EEFE-414A-4BA1-B3C0-8181FCCB98CA}.DebugGame Editor|Win64.Build.0 = DebugGame_Editor|x64
		{CB17EEFE-414A-4BA1-B3C0-8181FCCB98CA}.DebugGame|HTML5.ActiveCfg = HTML5_DebugGame_Game|Win32
		{CB17EEFE-414A-4BA1-B3C0-8181FCCB98CA}.DebugGame|HTML5.Build.0 = HTML5_DebugGame_Game|Win32
		{CB17EEFE-414A-4BA1-B3C0-8181FCCB98CA}.DebugGame|Win32.ActiveCfg = DebugGame_Game|Win32
		{CB17EEFE-414A-4BA1-B3C0-8181FCCB98CA}.DebugGame|Win32.Build.0 = DebugGame_Game|Win32
		{CB17EEFE-414A-4BA1-B3C0-8181FCCB98CA}.DebugGame|Win64.ActiveCfg = DebugGame_Game|x64
		{CB17EEFE-414A-4BA1-B3C0-8181FCCB98CA}.DebugGame|Win64.Build.0 = DebugGame_Game|x64
		{CB17EEFE-414A-4BA1-B3C0-8181FCCB98CA}.Development Editor|HTML5.ActiveCfg = HTML5_Development_Editor|Win32
		{CB17EEFE-414A-4BA1-B3C0-8181FCCB98CA}.Development Editor|Win32.ActiveCfg = Development_Editor|Win32
		{CB17EEFE-414A-4BA1-B3C0-8181FCCB98CA}.Development Editor|Win64.ActiveCfg = Development_Editor|x64
		{CB17EEFE-414A-4BA1-B3C0-8181FCCB98CA}.Development Editor|Win64.Build.0 = Development_Editor|x64
		{CB17EEFE-414A-4BA1-B3C0-8181FCCB98CA}.Development|HTML5.ActiveCfg = HTML5_Development_Game|Win32
		{CB17EEFE-414A-4BA1-B3C0-8181FCCB98CA}.Development|HTML5.Build.0 = HTML5_Development_Game|Win32
		{CB17EEFE-414A-4BA1-B3C0-8181FCCB98CA}.Development|Win32.ActiveCfg = Development_Game|Win32
		{CB17EEFE-414A-4BA1-B3C0-8181FCCB98CA}.Development|Win32.Build.0 = Development_Game|Win32
		{CB17EEFE-414A-4BA1-B3C0-8181FCCB98CA}.Development|Win64.ActiveCfg = Development_Game|x64
		{CB17EEFE-414A-4BA1-B3C0-8181FCCB98CA}.Development|Win64.Build.0 = Development_Game|x64
		{CB17EEFE-414A-4BA1-B3C0-8181FCCB98CA}.Shipping|HTML5.ActiveCfg = HTML5_Shipping_Game|Win32
		{CB17EEFE-414A-4BA1-B3C0-8181FCCB98CA}.Shipping|HTML5.Build.0 = HTML5_Shipping_Game|Win32
		{CB17EEFE-414A-4BA1-B3C0-8181FCCB98CA}.Shipping|Win32.ActiveCfg = Shipping_Game|Win32
		{CB17EEFE-414A-4BA1-B3C0-8181FCCB98CA}.Shipping|Win32.Build.0 = Shipping_Game|Win32
		{CB17EEFE-414A-4BA1-B3C0-8181FCCB98CA}.Shipping|Win64.ActiveCfg = Shipping_Game|x64
		{CB17EEFE-414A-4BA1-B3C0-8181FCCB98CA}.Shipping|Win64.Build.0 = Shipping_Game|x64
	EndGlobalSection
	GlobalSection(SolutionProperties) = preSolution
		HideSolutionNode = FALSE
	EndGlobalSection
	GlobalSection(NestedProjects) = preSolution
		{F2FA73FF-A987-4289-B0C0-4B8914A9C9D1} = {CB06AFD9-016C-48AD-9EFF-F20768BF2C82}
		{CB17EEFE-414A-4BA1-B3C0-8181FCCB98CA} = {DF4D6F2D-0263-445E-9922-AF34619D330C}
	EndGlobalSection
EndGlobal
