
Microsoft Visual Studio Solution File, Format Version 12.00
# Visual Studio 14
VisualStudioVersion = 14.0.25420.1
MinimumVisualStudioVersion = 10.0.40219.1
Project("{2150E333-8FDC-42A3-9474-1A3956D46DE8}") = "Engine", "Engine", "{A8648D24-219C-49C7-B60F-47C8C6B5F8A6}"
EndProject
Project("{2150E333-8FDC-42A3-9474-1A3956D46DE8}") = "Games", "Games", "{9B029BCC-BAC8-4D16-862C-D335E8223F76}"
EndProject
Project("{8BC9CEB8-8B4A-11D0-8D11-00A0C91BC942}") = "UE4", "Intermediate\ProjectFiles\UE4.vcxproj", "{64841C81-ED1B-4B31-A2F6-0A627000A039}"
EndProject
Project("{8BC9CEB8-8B4A-11D0-8D11-00A0C91BC942}") = "City", "Intermediate\ProjectFiles\City.vcxproj", "{2903CD7E-FA2F-4E39-9660-3F0627A9D7CC}"
EndProject
Global
	GlobalSection(SolutionConfigurationPlatforms) = preSolution
		DebugGame Editor|HTML5 = DebugGame Editor|HTML5
		DebugGame Editor|Win32 = DebugGame Editor|Win32
		DebugGame Editor|Win64 = DebugGame Editor|Win64
		DebugGame|HTML5 = DebugGame|HTML5
		DebugGame|Win32 = DebugGame|Win32
		DebugGame|Win64 = DebugGame|Win64
		Development Editor|HTML5 = Development Editor|HTML5
		Development Editor|Win32 = Development Editor|Win32
		Development Editor|Win64 = Development Editor|Win64
		Development|HTML5 = Development|HTML5
		Development|Win32 = Development|Win32
		Development|Win64 = Development|Win64
		Shipping|HTML5 = Shipping|HTML5
		Shipping|Win32 = Shipping|Win32
		Shipping|Win64 = Shipping|Win64
	EndGlobalSection
	GlobalSection(ProjectConfigurationPlatforms) = postSolution
		{64841C81-ED1B-4B31-A2F6-0A627000A039}.DebugGame Editor|HTML5.ActiveCfg = BuiltWithUnrealBuildTool|Win32
		{64841C81-ED1B-4B31-A2F6-0A627000A039}.DebugGame Editor|HTML5.Build.0 = BuiltWithUnrealBuildTool|Win32
		{64841C81-ED1B-4B31-A2F6-0A627000A039}.DebugGame Editor|Win32.ActiveCfg = BuiltWithUnrealBuildTool|Win32
		{64841C81-ED1B-4B31-A2F6-0A627000A039}.DebugGame Editor|Win32.Build.0 = BuiltWithUnrealBuildTool|Win32
		{64841C81-ED1B-4B31-A2F6-0A627000A039}.DebugGame Editor|Win64.ActiveCfg = BuiltWithUnrealBuildTool|Win32
		{64841C81-ED1B-4B31-A2F6-0A627000A039}.DebugGame Editor|Win64.Build.0 = BuiltWithUnrealBuildTool|Win32
		{64841C81-ED1B-4B31-A2F6-0A627000A039}.DebugGame|HTML5.ActiveCfg = BuiltWithUnrealBuildTool|Win32
		{64841C81-ED1B-4B31-A2F6-0A627000A039}.DebugGame|HTML5.Build.0 = BuiltWithUnrealBuildTool|Win32
		{64841C81-ED1B-4B31-A2F6-0A627000A039}.DebugGame|Win32.ActiveCfg = BuiltWithUnrealBuildTool|Win32
		{64841C81-ED1B-4B31-A2F6-0A627000A039}.DebugGame|Win32.Build.0 = BuiltWithUnrealBuildTool|Win32
		{64841C81-ED1B-4B31-A2F6-0A627000A039}.DebugGame|Win64.ActiveCfg = BuiltWithUnrealBuildTool|Win32
		{64841C81-ED1B-4B31-A2F6-0A627000A039}.DebugGame|Win64.Build.0 = BuiltWithUnrealBuildTool|Win32
		{64841C81-ED1B-4B31-A2F6-0A627000A039}.Development Editor|HTML5.ActiveCfg = BuiltWithUnrealBuildTool|Win32
		{64841C81-ED1B-4B31-A2F6-0A627000A039}.Development Editor|HTML5.Build.0 = BuiltWithUnrealBuildTool|Win32
		{64841C81-ED1B-4B31-A2F6-0A627000A039}.Development Editor|Win32.ActiveCfg = BuiltWithUnrealBuildTool|Win32
		{64841C81-ED1B-4B31-A2F6-0A627000A039}.Development Editor|Win32.Build.0 = BuiltWithUnrealBuildTool|Win32
		{64841C81-ED1B-4B31-A2F6-0A627000A039}.Development Editor|Win64.ActiveCfg = BuiltWithUnrealBuildTool|Win32
		{64841C81-ED1B-4B31-A2F6-0A627000A039}.Development Editor|Win64.Build.0 = BuiltWithUnrealBuildTool|Win32
		{64841C81-ED1B-4B31-A2F6-0A627000A039}.Development|HTML5.ActiveCfg = BuiltWithUnrealBuildTool|Win32
		{64841C81-ED1B-4B31-A2F6-0A627000A039}.Development|HTML5.Build.0 = BuiltWithUnrealBuildTool|Win32
		{64841C81-ED1B-4B31-A2F6-0A627000A039}.Development|Win32.ActiveCfg = BuiltWithUnrealBuildTool|Win32
		{64841C81-ED1B-4B31-A2F6-0A627000A039}.Development|Win32.Build.0 = BuiltWithUnrealBuildTool|Win32
		{64841C81-ED1B-4B31-A2F6-0A627000A039}.Development|Win64.ActiveCfg = BuiltWithUnrealBuildTool|Win32
		{64841C81-ED1B-4B31-A2F6-0A627000A039}.Development|Win64.Build.0 = BuiltWithUnrealBuildTool|Win32
		{64841C81-ED1B-4B31-A2F6-0A627000A039}.Shipping|HTML5.ActiveCfg = BuiltWithUnrealBuildTool|Win32
		{64841C81-ED1B-4B31-A2F6-0A627000A039}.Shipping|HTML5.Build.0 = BuiltWithUnrealBuildTool|Win32
		{64841C81-ED1B-4B31-A2F6-0A627000A039}.Shipping|Win32.ActiveCfg = BuiltWithUnrealBuildTool|Win32
		{64841C81-ED1B-4B31-A2F6-0A627000A039}.Shipping|Win32.Build.0 = BuiltWithUnrealBuildTool|Win32
		{64841C81-ED1B-4B31-A2F6-0A627000A039}.Shipping|Win64.ActiveCfg = BuiltWithUnrealBuildTool|Win32
		{64841C81-ED1B-4B31-A2F6-0A627000A039}.Shipping|Win64.Build.0 = BuiltWithUnrealBuildTool|Win32
		{2903CD7E-FA2F-4E39-9660-3F0627A9D7CC}.DebugGame Editor|HTML5.ActiveCfg = HTML5_DebugGame_Editor|Win32
		{2903CD7E-FA2F-4E39-9660-3F0627A9D7CC}.DebugGame Editor|Win32.ActiveCfg = DebugGame_Editor|Win32
		{2903CD7E-FA2F-4E39-9660-3F0627A9D7CC}.DebugGame Editor|Win64.ActiveCfg = DebugGame_Editor|x64
		{2903CD7E-FA2F-4E39-9660-3F0627A9D7CC}.DebugGame Editor|Win64.Build.0 = DebugGame_Editor|x64
		{2903CD7E-FA2F-4E39-9660-3F0627A9D7CC}.DebugGame|HTML5.ActiveCfg = HTML5_DebugGame_Game|Win32
		{2903CD7E-FA2F-4E39-9660-3F0627A9D7CC}.DebugGame|HTML5.Build.0 = HTML5_DebugGame_Game|Win32
		{2903CD7E-FA2F-4E39-9660-3F0627A9D7CC}.DebugGame|Win32.ActiveCfg = DebugGame_Game|Win32
		{2903CD7E-FA2F-4E39-9660-3F0627A9D7CC}.DebugGame|Win32.Build.0 = DebugGame_Game|Win32
		{2903CD7E-FA2F-4E39-9660-3F0627A9D7CC}.DebugGame|Win64.ActiveCfg = DebugGame_Game|x64
		{2903CD7E-FA2F-4E39-9660-3F0627A9D7CC}.DebugGame|Win64.Build.0 = DebugGame_Game|x64
		{2903CD7E-FA2F-4E39-9660-3F0627A9D7CC}.Development Editor|HTML5.ActiveCfg = HTML5_Development_Editor|Win32
		{2903CD7E-FA2F-4E39-9660-3F0627A9D7CC}.Development Editor|Win32.ActiveCfg = Development_Editor|Win32
		{2903CD7E-FA2F-4E39-9660-3F0627A9D7CC}.Development Editor|Win64.ActiveCfg = Development_Editor|x64
		{2903CD7E-FA2F-4E39-9660-3F0627A9D7CC}.Development Editor|Win64.Build.0 = Development_Editor|x64
		{2903CD7E-FA2F-4E39-9660-3F0627A9D7CC}.Development|HTML5.ActiveCfg = HTML5_Development_Game|Win32
		{2903CD7E-FA2F-4E39-9660-3F0627A9D7CC}.Development|HTML5.Build.0 = HTML5_Development_Game|Win32
		{2903CD7E-FA2F-4E39-9660-3F0627A9D7CC}.Development|Win32.ActiveCfg = Development_Game|Win32
		{2903CD7E-FA2F-4E39-9660-3F0627A9D7CC}.Development|Win32.Build.0 = Development_Game|Win32
		{2903CD7E-FA2F-4E39-9660-3F0627A9D7CC}.Development|Win64.ActiveCfg = Development_Game|x64
		{2903CD7E-FA2F-4E39-9660-3F0627A9D7CC}.Development|Win64.Build.0 = Development_Game|x64
		{2903CD7E-FA2F-4E39-9660-3F0627A9D7CC}.Shipping|HTML5.ActiveCfg = HTML5_Shipping_Game|Win32
		{2903CD7E-FA2F-4E39-9660-3F0627A9D7CC}.Shipping|HTML5.Build.0 = HTML5_Shipping_Game|Win32
		{2903CD7E-FA2F-4E39-9660-3F0627A9D7CC}.Shipping|Win32.ActiveCfg = Shipping_Game|Win32
		{2903CD7E-FA2F-4E39-9660-3F0627A9D7CC}.Shipping|Win32.Build.0 = Shipping_Game|Win32
		{2903CD7E-FA2F-4E39-9660-3F0627A9D7CC}.Shipping|Win64.ActiveCfg = Shipping_Game|x64
		{2903CD7E-FA2F-4E39-9660-3F0627A9D7CC}.Shipping|Win64.Build.0 = Shipping_Game|x64
	EndGlobalSection
	GlobalSection(SolutionProperties) = preSolution
		HideSolutionNode = FALSE
	EndGlobalSection
	GlobalSection(NestedProjects) = preSolution
		{64841C81-ED1B-4B31-A2F6-0A627000A039} = {A8648D24-219C-49C7-B60F-47C8C6B5F8A6}
		{2903CD7E-FA2F-4E39-9660-3F0627A9D7CC} = {9B029BCC-BAC8-4D16-862C-D335E8223F76}
	EndGlobalSection
EndGlobal
